
Microsoft Visual Studio Solution File, Format Version 12.00
# Visual Studio Version 16
VisualStudioVersion = 16.0.31321.278
MinimumVisualStudioVersion = 10.0.40219.1
Project("{9A19103F-16F7-4668-BE54-9A1E7A4F7556}") = "FirstTask", "FirstTask\FirstTask.csproj", "{7FB8FA85-E61F-4AEE-A1C3-F7919B468358}"
EndProject
Project("{FAE04EC0-301F-11D3-BF4B-00C04F79EFBC}") = "FirstTaskTests", "FirstTaskTests\FirstTaskTests.csproj", "{8EDEBAF7-DC70-4810-93A1-C43DF87DFB25}"
EndProject
Global
	GlobalSection(SolutionConfigurationPlatforms) = preSolution
		Debug|Any CPU = Debug|Any CPU
		Release|Any CPU = Release|Any CPU
	EndGlobalSection
	GlobalSection(ProjectConfigurationPlatforms) = postSolution
		{7FB8FA85-E61F-4AEE-A1C3-F7919B468358}.Debug|Any CPU.ActiveCfg = Debug|Any CPU
		{7FB8FA85-E61F-4AEE-A1C3-F7919B468358}.Debug|Any CPU.Build.0 = Debug|Any CPU
		{7FB8FA85-E61F-4AEE-A1C3-F7919B468358}.Release|Any CPU.ActiveCfg = Release|Any CPU
		{7FB8FA85-E61F-4AEE-A1C3-F7919B468358}.Release|Any CPU.Build.0 = Release|Any CPU
		{8EDEBAF7-DC70-4810-93A1-C43DF87DFB25}.Debug|Any CPU.ActiveCfg = Debug|Any CPU
		{8EDEBAF7-DC70-4810-93A1-C43DF87DFB25}.Debug|Any CPU.Build.0 = Debug|Any CPU
		{8EDEBAF7-DC70-4810-93A1-C43DF87DFB25}.Release|Any CPU.ActiveCfg = Release|Any CPU
		{8EDEBAF7-DC70-4810-93A1-C43DF87DFB25}.Release|Any CPU.Build.0 = Release|Any CPU
	EndGlobalSection
	GlobalSection(SolutionProperties) = preSolution
		HideSolutionNode = FALSE
	EndGlobalSection
	GlobalSection(ExtensibilityGlobals) = postSolution
		SolutionGuid = {98F78335-C892-4E1B-80EE-5C3EB660E395}
	EndGlobalSection
EndGlobal
