
Microsoft Visual Studio Solution File, Format Version 12.00
# Visual Studio Version 16
VisualStudioVersion = 16.0.31321.278
MinimumVisualStudioVersion = 10.0.40219.1
Project("{9A19103F-16F7-4668-BE54-9A1E7A4F7556}") = "FourthTask", "FourthTask\FourthTask.csproj", "{ECF14A95-B2BC-430D-89FB-7DE6AFBE92C7}"
EndProject
Project("{FAE04EC0-301F-11D3-BF4B-00C04F79EFBC}") = "FourthTaskTests", "FourthTaskTests\FourthTaskTests.csproj", "{F530AFB9-433E-437A-90D8-5D484A5F47F0}"
EndProject
Global
	GlobalSection(SolutionConfigurationPlatforms) = preSolution
		Debug|Any CPU = Debug|Any CPU
		Release|Any CPU = Release|Any CPU
	EndGlobalSection
	GlobalSection(ProjectConfigurationPlatforms) = postSolution
		{ECF14A95-B2BC-430D-89FB-7DE6AFBE92C7}.Debug|Any CPU.ActiveCfg = Debug|Any CPU
		{ECF14A95-B2BC-430D-89FB-7DE6AFBE92C7}.Debug|Any CPU.Build.0 = Debug|Any CPU
		{ECF14A95-B2BC-430D-89FB-7DE6AFBE92C7}.Release|Any CPU.ActiveCfg = Release|Any CPU
		{ECF14A95-B2BC-430D-89FB-7DE6AFBE92C7}.Release|Any CPU.Build.0 = Release|Any CPU
		{F530AFB9-433E-437A-90D8-5D484A5F47F0}.Debug|Any CPU.ActiveCfg = Debug|Any CPU
		{F530AFB9-433E-437A-90D8-5D484A5F47F0}.Debug|Any CPU.Build.0 = Debug|Any CPU
		{F530AFB9-433E-437A-90D8-5D484A5F47F0}.Release|Any CPU.ActiveCfg = Release|Any CPU
		{F530AFB9-433E-437A-90D8-5D484A5F47F0}.Release|Any CPU.Build.0 = Release|Any CPU
	EndGlobalSection
	GlobalSection(SolutionProperties) = preSolution
		HideSolutionNode = FALSE
	EndGlobalSection
	GlobalSection(ExtensibilityGlobals) = postSolution
		SolutionGuid = {98F78335-C892-4E1B-80EE-5C3EB660E395}
	EndGlobalSection
EndGlobal
